{
    "behat/behat": {
        "version": "v3.4.3"
    },
    "behat/gherkin": {
        "version": "v4.5.1"
    },
    "behat/mink": {
        "version": "v1.7.1"
    },
    "behat/mink-browserkit-driver": {
        "version": "v1.3.2"
    },
    "behat/mink-extension": {
        "version": "2.3.0"
    },
    "behat/mink-goutte-driver": {
        "version": "v1.2.1"
    },
    "behat/transliterator": {
        "version": "v1.2.0"
    },
    "blackfire/php-sdk": {
        "version": "v1.11.0"
    },
    "composer/ca-bundle": {
        "version": "1.0.9"
    },
    "container-interop/container-interop": {
        "version": "1.2.0"
    },
    "fabpot/goutte": {
        "version": "v3.2.2"
    },
    "fig/link-util": {
        "version": "1.0.0"
    },
    "guzzlehttp/guzzle": {
        "version": "6.3.0"
    },
    "guzzlehttp/promises": {
        "version": "v1.3.1"
    },
    "guzzlehttp/psr7": {
        "version": "1.4.2"
    },
    "overblog/graphql-bundle": {
        "version": "0.9",
        "recipe": {
            "repo": "github.com/symfony/recipes-contrib",
            "branch": "master",
            "version": "0.9",
            "ref": "31775bd62133c1ed66fac537694909c25fbfb879"
        }
    },
    "overblog/graphql-php-generator": {
        "version": "v0.5.1"
    },
    "phpspec/php-diff": {
        "version": "v1.1.0"
    },
    "phpspec/phpspec": {
        "version": "4.2.5"
    },
    "psr/http-message": {
        "version": "1.0.1"
    },
    "psr/link": {
        "version": "1.0.0"
    },
    "symfony/asset": {
        "version": "v3.3.10"
    },
    "symfony/browser-kit": {
        "version": "v3.4.2"
    },
    "symfony/css-selector": {
        "version": "v3.4.2"
    },
    "symfony/dom-crawler": {
        "version": "v3.4.2"
    },
    "symfony/expression-language": {
        "version": "v3.3.10"
    },
    "symfony/phpunit-bridge": {
        "version": "3.3",
        "recipe": {
            "repo": "github.com/symfony/recipes",
            "branch": "master",
            "version": "3.3",
            "ref": "0a66a0097def4db1cd03bcb3d4a268440ae4cb47"
        }
    },
    "symfony/polyfill-php72": {
        "version": "v1.6.0"
    },
    "symfony/process": {
        "version": "v4.0.2"
    },
    "symfony/web-link": {
        "version": "v3.3.11"
    },
    "symfony/workflow": {
        "version": "v3.3.11"
    },
    "webonyx/graphql-php": {
        "version": "v0.11.2"
    }
}
