{
    "blackfire/php-sdk": {
        "version": "v1.11.0"
    },
    "composer/ca-bundle": {
        "version": "1.0.9"
    },
    "fig/link-util": {
        "version": "1.0.0"
    },
    "overblog/graphql-bundle": {
        "version": "0.9",
        "recipe": {
            "repo": "github.com/symfony/recipes-contrib",
            "branch": "master",
            "version": "0.9",
            "ref": "31775bd62133c1ed66fac537694909c25fbfb879"
        }
    },
    "overblog/graphql-php-generator": {
        "version": "v0.5.1"
    },
    "psr/link": {
        "version": "1.0.0"
    },
    "symfony/asset": {
        "version": "v3.3.10"
    },
    "symfony/expression-language": {
        "version": "v3.3.10"
    },
    "symfony/phpunit-bridge": {
        "version": "3.3",
        "recipe": {
            "repo": "github.com/symfony/recipes",
            "branch": "master",
            "version": "3.3",
            "ref": "0a66a0097def4db1cd03bcb3d4a268440ae4cb47"
        }
    },
    "symfony/polyfill-php72": {
        "version": "v1.6.0"
    },
    "symfony/web-link": {
        "version": "v3.3.11"
    },
    "symfony/workflow": {
        "version": "v3.3.11"
    },
    "webonyx/graphql-php": {
        "version": "v0.11.2"
    }
}
