{
    "behat/behat": {
        "version": "v3.4.3"
    },
    "behat/gherkin": {
        "version": "v4.5.1"
    },
    "behat/mink": {
        "version": "v1.7.1"
    },
    "behat/mink-browserkit-driver": {
        "version": "v1.3.2"
    },
    "behat/mink-extension": {
        "version": "2.3.0"
    },
    "behat/mink-goutte-driver": {
        "version": "v1.2.1"
    },
    "behat/symfony2-extension": {
        "version": "2.1",
        "recipe": {
            "repo": "github.com/symfony/recipes",
            "branch": "master",
            "version": "2.1",
            "ref": "6b63fb76d3bb2dd16098f12adf6d6ca844e21862"
        }
    },
    "behat/transliterator": {
        "version": "v1.2.0"
    },
    "behatch/contexts": {
        "version": "3.0.1"
    },
    "blackfire/php-sdk": {
        "version": "v1.11.0"
    },
    "composer/ca-bundle": {
        "version": "1.0.9"
    },
    "container-interop/container-interop": {
        "version": "1.2.0"
    },
    "fabpot/goutte": {
        "version": "v3.2.2"
    },
    "fig/link-util": {
        "version": "1.0.0"
    },
    "guzzlehttp/guzzle": {
        "version": "6.3.0"
    },
    "guzzlehttp/promises": {
        "version": "v1.3.1"
    },
    "guzzlehttp/psr7": {
        "version": "1.4.2"
    },
    "justinrainbow/json-schema": {
        "version": "5.2.6"
    },
    "monolog/monolog": {
        "version": "1.23.0"
    },
    "myclabs/deep-copy": {
        "version": "1.7.0"
    },
    "nikic/php-parser": {
        "version": "v3.1.2"
    },
    "overblog/graphql-bundle": {
        "version": "0.9",
        "recipe": {
            "repo": "github.com/symfony/recipes-contrib",
            "branch": "master",
            "version": "0.9",
            "ref": "31775bd62133c1ed66fac537694909c25fbfb879"
        }
    },
    "overblog/graphql-php-generator": {
        "version": "v0.5.1"
    },
    "phar-io/manifest": {
        "version": "1.0.1"
    },
    "phar-io/version": {
        "version": "1.0.1"
    },
    "phpmetrics/phpmetrics": {
        "version": "v2.3.2"
    },
    "phpspec/php-diff": {
        "version": "v1.1.0"
    },
    "phpspec/phpspec": {
        "version": "4.2.5"
    },
    "phpunit/php-code-coverage": {
        "version": "5.3.0"
    },
    "phpunit/php-file-iterator": {
        "version": "1.4.5"
    },
    "phpunit/php-text-template": {
        "version": "1.2.1"
    },
    "phpunit/php-timer": {
        "version": "1.0.9"
    },
    "phpunit/php-token-stream": {
        "version": "2.0.2"
    },
    "phpunit/phpunit": {
        "version": "4.7",
        "recipe": {
            "repo": "github.com/symfony/recipes",
            "branch": "master",
            "version": "4.7",
            "ref": "9d0927a518f631b4ae6508dac377b021761ff6d1"
        }
    },
    "phpunit/phpunit-mock-objects": {
        "version": "5.0.5"
    },
    "psr/http-message": {
        "version": "1.0.1"
    },
    "psr/link": {
        "version": "1.0.0"
    },
    "sebastian/code-unit-reverse-lookup": {
        "version": "1.0.1"
    },
    "sebastian/environment": {
        "version": "3.1.0"
    },
    "sebastian/global-state": {
        "version": "2.0.0"
    },
    "sebastian/object-enumerator": {
        "version": "3.0.3"
    },
    "sebastian/object-reflector": {
        "version": "1.1.1"
    },
    "sebastian/resource-operations": {
        "version": "1.0.0"
    },
    "sebastian/version": {
        "version": "2.0.1"
    },
    "symfony/asset": {
        "version": "v3.3.10"
    },
    "symfony/browser-kit": {
        "version": "v3.4.2"
    },
    "symfony/css-selector": {
        "version": "v3.4.2"
    },
    "symfony/dom-crawler": {
        "version": "v3.4.2"
    },
    "symfony/expression-language": {
        "version": "v3.3.10"
    },
    "symfony/monolog-bridge": {
        "version": "v4.0.3"
    },
    "symfony/monolog-bundle": {
        "version": "3.1",
        "recipe": {
            "repo": "github.com/symfony/recipes",
            "branch": "master",
            "version": "3.1",
            "ref": "371d1a2b69984710646b09a1182ef1d4308c904f"
        }
    },
    "symfony/phpunit-bridge": {
        "version": "3.3",
        "recipe": {
            "repo": "github.com/symfony/recipes",
            "branch": "master",
            "version": "3.3",
            "ref": "0a66a0097def4db1cd03bcb3d4a268440ae4cb47"
        }
    },
    "symfony/polyfill-apcu": {
        "version": "v1.6.0"
    },
    "symfony/polyfill-php72": {
        "version": "v1.6.0"
    },
    "symfony/process": {
        "version": "v4.0.2"
    },
    "symfony/web-link": {
        "version": "v3.3.11"
    },
    "symfony/workflow": {
        "version": "v3.3.11"
    },
    "theseer/tokenizer": {
        "version": "1.1.0"
    },
    "webonyx/graphql-php": {
        "version": "v0.11.2"
    }
}
